// !$*UTF8*$!
{
	archiveVersion = 1;
	classes = {
	};
	objectVersion = 48;
	objects = {

/* Begin PBXBuildFile section */
		1092410221F87C1C00E147A2 /* PlaceholderTextView.swift in Sources */ = {isa = PBXBuildFile; fileRef = 1092410121F87C1C00E147A2 /* PlaceholderTextView.swift */; };
		10F129EB21F85A28001CE08D /* UILabel+Square1.swift in Sources */ = {isa = PBXBuildFile; fileRef = 10F129EA21F85A28001CE08D /* UILabel+Square1.swift */; };
		10F696E021F614970063CD2C /* Storyboardable.swift in Sources */ = {isa = PBXBuildFile; fileRef = 10F696DF21F614970063CD2C /* Storyboardable.swift */; };
		D92A2C4020330D610042694C /* UIViewController+Maps.swift in Sources */ = {isa = PBXBuildFile; fileRef = D92A2C3F20330D610042694C /* UIViewController+Maps.swift */; };
		D92A2C4220330E800042694C /* Storage.swift in Sources */ = {isa = PBXBuildFile; fileRef = D92A2C4120330E7F0042694C /* Storage.swift */; };
		D941EC2820078C4900AD5AED /* Square1Tools.framework in Frameworks */ = {isa = PBXBuildFile; fileRef = D941EC1E20078C4800AD5AED /* Square1Tools.framework */; };
		D941EC2F20078C4900AD5AED /* Square1Tools.h in Headers */ = {isa = PBXBuildFile; fileRef = D941EC2120078C4800AD5AED /* Square1Tools.h */; settings = {ATTRIBUTES = (Public, ); }; };
		D941EC3B20078EC600AD5AED /* Stack.swift in Sources */ = {isa = PBXBuildFile; fileRef = D941EC3920078EC600AD5AED /* Stack.swift */; };
		D941EC3C20078EC600AD5AED /* Queue.swift in Sources */ = {isa = PBXBuildFile; fileRef = D941EC3A20078EC600AD5AED /* Queue.swift */; };
		D941EC4020078ECD00AD5AED /* String+Square1.swift in Sources */ = {isa = PBXBuildFile; fileRef = D941EC3E20078ECD00AD5AED /* String+Square1.swift */; };
		D941EC4120078ECD00AD5AED /* Date+Square1.swift in Sources */ = {isa = PBXBuildFile; fileRef = D941EC3F20078ECD00AD5AED /* Date+Square1.swift */; };
		D941EC4520078ED800AD5AED /* AsyncOperation.swift in Sources */ = {isa = PBXBuildFile; fileRef = D941EC4220078ED700AD5AED /* AsyncOperation.swift */; };
		D941EC4620078ED800AD5AED /* App.swift in Sources */ = {isa = PBXBuildFile; fileRef = D941EC4320078ED800AD5AED /* App.swift */; };
		D941EC4720078ED800AD5AED /* Log.swift in Sources */ = {isa = PBXBuildFile; fileRef = D941EC4420078ED800AD5AED /* Log.swift */; };
		D941EC5020078F3500AD5AED /* DateTests.swift in Sources */ = {isa = PBXBuildFile; fileRef = D941EC4A20078F0500AD5AED /* DateTests.swift */; };
		D941EC5120078F3900AD5AED /* QueueTests.swift in Sources */ = {isa = PBXBuildFile; fileRef = D941EC4B20078F0600AD5AED /* QueueTests.swift */; };
		D941EC5220078F3C00AD5AED /* StringTests.swift in Sources */ = {isa = PBXBuildFile; fileRef = D941EC4920078F0500AD5AED /* StringTests.swift */; };
		D941EC5320078F3F00AD5AED /* StackTests.swift in Sources */ = {isa = PBXBuildFile; fileRef = D941EC4820078F0500AD5AED /* StackTests.swift */; };
		D941EC632007968400AD5AED /* ReplaceRootControllerSegue.swift in Sources */ = {isa = PBXBuildFile; fileRef = D941EC552007968300AD5AED /* ReplaceRootControllerSegue.swift */; };
		D941EC642007968400AD5AED /* UITableViewCell+Square1.swift in Sources */ = {isa = PBXBuildFile; fileRef = D941EC562007968300AD5AED /* UITableViewCell+Square1.swift */; };
		D941EC652007968400AD5AED /* UIColor+Square1.swift in Sources */ = {isa = PBXBuildFile; fileRef = D941EC572007968300AD5AED /* UIColor+Square1.swift */; };
		D941EC662007968400AD5AED /* UITextView+Square1.swift in Sources */ = {isa = PBXBuildFile; fileRef = D941EC582007968300AD5AED /* UITextView+Square1.swift */; };
		D941EC672007968400AD5AED /* UIDevice+Square1.swift in Sources */ = {isa = PBXBuildFile; fileRef = D941EC592007968300AD5AED /* UIDevice+Square1.swift */; };
		D941EC682007968400AD5AED /* UITableView+Square1.swift in Sources */ = {isa = PBXBuildFile; fileRef = D941EC5A2007968300AD5AED /* UITableView+Square1.swift */; };
		D941EC692007968400AD5AED /* UITextField+Square1.swift in Sources */ = {isa = PBXBuildFile; fileRef = D941EC5B2007968300AD5AED /* UITextField+Square1.swift */; };
		D941EC6A2007968400AD5AED /* UIView+Square1.swift in Sources */ = {isa = PBXBuildFile; fileRef = D941EC5C2007968300AD5AED /* UIView+Square1.swift */; };
		D941EC6B2007968400AD5AED /* MailSender.swift in Sources */ = {isa = PBXBuildFile; fileRef = D941EC5D2007968300AD5AED /* MailSender.swift */; };
		D941EC6C2007968400AD5AED /* UIFont+Square1.swift in Sources */ = {isa = PBXBuildFile; fileRef = D941EC5E2007968300AD5AED /* UIFont+Square1.swift */; };
		D941EC6D2007968400AD5AED /* UIImage+Square1.swift in Sources */ = {isa = PBXBuildFile; fileRef = D941EC5F2007968400AD5AED /* UIImage+Square1.swift */; };
		D941EC6E2007968400AD5AED /* UIApplication+Square1.swift in Sources */ = {isa = PBXBuildFile; fileRef = D941EC602007968400AD5AED /* UIApplication+Square1.swift */; };
		D941EC6F2007968400AD5AED /* UINavigationController+Square1.swift in Sources */ = {isa = PBXBuildFile; fileRef = D941EC612007968400AD5AED /* UINavigationController+Square1.swift */; };
		D941EC702007968400AD5AED /* UIViewController+Square1.swift in Sources */ = {isa = PBXBuildFile; fileRef = D941EC622007968400AD5AED /* UIViewController+Square1.swift */; };
		D9472F312126DBEA00E06B32 /* Keychain.swift in Sources */ = {isa = PBXBuildFile; fileRef = D9472F302126DBEA00E06B32 /* Keychain.swift */; };
		D95E3ADC205AD0D900BBF03F /* UITabBarController+Square1.swift in Sources */ = {isa = PBXBuildFile; fileRef = D95E3ADB205AD0D900BBF03F /* UITabBarController+Square1.swift */; };
		D974297F20A47D1100CC5586 /* UINib+Square1.swift in Sources */ = {isa = PBXBuildFile; fileRef = D974297E20A47D1100CC5586 /* UINib+Square1.swift */; };
		D99494122018A69500BD937D /* UICollectionView+Square1.swift in Sources */ = {isa = PBXBuildFile; fileRef = D99494112018A69500BD937D /* UICollectionView+Square1.swift */; };
		D9B736B8206A3B43009440B0 /* UIScrollView+Square1.swift in Sources */ = {isa = PBXBuildFile; fileRef = D9B736B7206A3B43009440B0 /* UIScrollView+Square1.swift */; };
		D9C1128D2010FC180066A06C /* Bool+Square1.swift in Sources */ = {isa = PBXBuildFile; fileRef = D9C1128C2010FC180066A06C /* Bool+Square1.swift */; };
		D9F934EC20C188D50011D406 /* PullToRefreshControl.swift in Sources */ = {isa = PBXBuildFile; fileRef = D9F934EB20C188D50011D406 /* PullToRefreshControl.swift */; };
/* End PBXBuildFile section */

/* Begin PBXContainerItemProxy section */
		D941EC2920078C4900AD5AED /* PBXContainerItemProxy */ = {
			isa = PBXContainerItemProxy;
			containerPortal = D941EC1520078C4800AD5AED /* Project object */;
			proxyType = 1;
			remoteGlobalIDString = D941EC1D20078C4800AD5AED;
			remoteInfo = "Square1-iOS-Tools";
		};
/* End PBXContainerItemProxy section */

/* Begin PBXFileReference section */
		1092410121F87C1C00E147A2 /* PlaceholderTextView.swift */ = {isa = PBXFileReference; lastKnownFileType = sourcecode.swift; path = PlaceholderTextView.swift; sourceTree = "<group>"; };
		10F129EA21F85A28001CE08D /* UILabel+Square1.swift */ = {isa = PBXFileReference; lastKnownFileType = sourcecode.swift; path = "UILabel+Square1.swift"; sourceTree = "<group>"; };
		10F696DF21F614970063CD2C /* Storyboardable.swift */ = {isa = PBXFileReference; lastKnownFileType = sourcecode.swift; path = Storyboardable.swift; sourceTree = "<group>"; };
		D900BAA8202DF6320056A160 /* CommonCrypto.xcconfig */ = {isa = PBXFileReference; lastKnownFileType = text.xcconfig; path = CommonCrypto.xcconfig; sourceTree = "<group>"; };
		D92A2C3F20330D610042694C /* UIViewController+Maps.swift */ = {isa = PBXFileReference; fileEncoding = 4; lastKnownFileType = sourcecode.swift; path = "UIViewController+Maps.swift"; sourceTree = "<group>"; };
		D92A2C4120330E7F0042694C /* Storage.swift */ = {isa = PBXFileReference; fileEncoding = 4; lastKnownFileType = sourcecode.swift; path = Storage.swift; sourceTree = "<group>"; };
		D941EC1E20078C4800AD5AED /* Square1Tools.framework */ = {isa = PBXFileReference; explicitFileType = wrapper.framework; includeInIndex = 0; path = Square1Tools.framework; sourceTree = BUILT_PRODUCTS_DIR; };
		D941EC2120078C4800AD5AED /* Square1Tools.h */ = {isa = PBXFileReference; lastKnownFileType = sourcecode.c.h; path = Square1Tools.h; sourceTree = "<group>"; };
		D941EC2220078C4800AD5AED /* Info.plist */ = {isa = PBXFileReference; lastKnownFileType = text.plist.xml; path = Info.plist; sourceTree = "<group>"; };
		D941EC2720078C4900AD5AED /* Square1ToolsTests.xctest */ = {isa = PBXFileReference; explicitFileType = wrapper.cfbundle; includeInIndex = 0; path = Square1ToolsTests.xctest; sourceTree = BUILT_PRODUCTS_DIR; };
		D941EC2E20078C4900AD5AED /* Info.plist */ = {isa = PBXFileReference; lastKnownFileType = text.plist.xml; path = Info.plist; sourceTree = "<group>"; };
		D941EC3920078EC600AD5AED /* Stack.swift */ = {isa = PBXFileReference; fileEncoding = 4; lastKnownFileType = sourcecode.swift; path = Stack.swift; sourceTree = "<group>"; };
		D941EC3A20078EC600AD5AED /* Queue.swift */ = {isa = PBXFileReference; fileEncoding = 4; lastKnownFileType = sourcecode.swift; path = Queue.swift; sourceTree = "<group>"; };
		D941EC3E20078ECD00AD5AED /* String+Square1.swift */ = {isa = PBXFileReference; fileEncoding = 4; lastKnownFileType = sourcecode.swift; path = "String+Square1.swift"; sourceTree = "<group>"; };
		D941EC3F20078ECD00AD5AED /* Date+Square1.swift */ = {isa = PBXFileReference; fileEncoding = 4; lastKnownFileType = sourcecode.swift; path = "Date+Square1.swift"; sourceTree = "<group>"; };
		D941EC4220078ED700AD5AED /* AsyncOperation.swift */ = {isa = PBXFileReference; fileEncoding = 4; lastKnownFileType = sourcecode.swift; path = AsyncOperation.swift; sourceTree = "<group>"; };
		D941EC4320078ED800AD5AED /* App.swift */ = {isa = PBXFileReference; fileEncoding = 4; lastKnownFileType = sourcecode.swift; path = App.swift; sourceTree = "<group>"; };
		D941EC4420078ED800AD5AED /* Log.swift */ = {isa = PBXFileReference; fileEncoding = 4; lastKnownFileType = sourcecode.swift; path = Log.swift; sourceTree = "<group>"; };
		D941EC4820078F0500AD5AED /* StackTests.swift */ = {isa = PBXFileReference; fileEncoding = 4; lastKnownFileType = sourcecode.swift; path = StackTests.swift; sourceTree = "<group>"; };
		D941EC4920078F0500AD5AED /* StringTests.swift */ = {isa = PBXFileReference; fileEncoding = 4; lastKnownFileType = sourcecode.swift; path = StringTests.swift; sourceTree = "<group>"; };
		D941EC4A20078F0500AD5AED /* DateTests.swift */ = {isa = PBXFileReference; fileEncoding = 4; lastKnownFileType = sourcecode.swift; path = DateTests.swift; sourceTree = "<group>"; };
		D941EC4B20078F0600AD5AED /* QueueTests.swift */ = {isa = PBXFileReference; fileEncoding = 4; lastKnownFileType = sourcecode.swift; path = QueueTests.swift; sourceTree = "<group>"; };
		D941EC552007968300AD5AED /* ReplaceRootControllerSegue.swift */ = {isa = PBXFileReference; fileEncoding = 4; lastKnownFileType = sourcecode.swift; path = ReplaceRootControllerSegue.swift; sourceTree = "<group>"; };
		D941EC562007968300AD5AED /* UITableViewCell+Square1.swift */ = {isa = PBXFileReference; fileEncoding = 4; lastKnownFileType = sourcecode.swift; path = "UITableViewCell+Square1.swift"; sourceTree = "<group>"; };
		D941EC572007968300AD5AED /* UIColor+Square1.swift */ = {isa = PBXFileReference; fileEncoding = 4; lastKnownFileType = sourcecode.swift; path = "UIColor+Square1.swift"; sourceTree = "<group>"; };
		D941EC582007968300AD5AED /* UITextView+Square1.swift */ = {isa = PBXFileReference; fileEncoding = 4; lastKnownFileType = sourcecode.swift; path = "UITextView+Square1.swift"; sourceTree = "<group>"; };
		D941EC592007968300AD5AED /* UIDevice+Square1.swift */ = {isa = PBXFileReference; fileEncoding = 4; lastKnownFileType = sourcecode.swift; path = "UIDevice+Square1.swift"; sourceTree = "<group>"; };
		D941EC5A2007968300AD5AED /* UITableView+Square1.swift */ = {isa = PBXFileReference; fileEncoding = 4; lastKnownFileType = sourcecode.swift; path = "UITableView+Square1.swift"; sourceTree = "<group>"; };
		D941EC5B2007968300AD5AED /* UITextField+Square1.swift */ = {isa = PBXFileReference; fileEncoding = 4; lastKnownFileType = sourcecode.swift; path = "UITextField+Square1.swift"; sourceTree = "<group>"; };
		D941EC5C2007968300AD5AED /* UIView+Square1.swift */ = {isa = PBXFileReference; fileEncoding = 4; lastKnownFileType = sourcecode.swift; path = "UIView+Square1.swift"; sourceTree = "<group>"; };
		D941EC5D2007968300AD5AED /* MailSender.swift */ = {isa = PBXFileReference; fileEncoding = 4; lastKnownFileType = sourcecode.swift; path = MailSender.swift; sourceTree = "<group>"; };
		D941EC5E2007968300AD5AED /* UIFont+Square1.swift */ = {isa = PBXFileReference; fileEncoding = 4; lastKnownFileType = sourcecode.swift; path = "UIFont+Square1.swift"; sourceTree = "<group>"; };
		D941EC5F2007968400AD5AED /* UIImage+Square1.swift */ = {isa = PBXFileReference; fileEncoding = 4; lastKnownFileType = sourcecode.swift; path = "UIImage+Square1.swift"; sourceTree = "<group>"; };
		D941EC602007968400AD5AED /* UIApplication+Square1.swift */ = {isa = PBXFileReference; fileEncoding = 4; lastKnownFileType = sourcecode.swift; path = "UIApplication+Square1.swift"; sourceTree = "<group>"; };
		D941EC612007968400AD5AED /* UINavigationController+Square1.swift */ = {isa = PBXFileReference; fileEncoding = 4; lastKnownFileType = sourcecode.swift; path = "UINavigationController+Square1.swift"; sourceTree = "<group>"; };
		D941EC622007968400AD5AED /* UIViewController+Square1.swift */ = {isa = PBXFileReference; fileEncoding = 4; lastKnownFileType = sourcecode.swift; path = "UIViewController+Square1.swift"; sourceTree = "<group>"; };
		D9472F302126DBEA00E06B32 /* Keychain.swift */ = {isa = PBXFileReference; fileEncoding = 4; lastKnownFileType = sourcecode.swift; path = Keychain.swift; sourceTree = "<group>"; };
		D95E3ADB205AD0D900BBF03F /* UITabBarController+Square1.swift */ = {isa = PBXFileReference; lastKnownFileType = sourcecode.swift; path = "UITabBarController+Square1.swift"; sourceTree = "<group>"; };
		D974297E20A47D1100CC5586 /* UINib+Square1.swift */ = {isa = PBXFileReference; lastKnownFileType = sourcecode.swift; path = "UINib+Square1.swift"; sourceTree = "<group>"; };
		D99494112018A69500BD937D /* UICollectionView+Square1.swift */ = {isa = PBXFileReference; lastKnownFileType = sourcecode.swift; path = "UICollectionView+Square1.swift"; sourceTree = "<group>"; };
		D9B736B7206A3B43009440B0 /* UIScrollView+Square1.swift */ = {isa = PBXFileReference; lastKnownFileType = sourcecode.swift; path = "UIScrollView+Square1.swift"; sourceTree = "<group>"; };
		D9C1128C2010FC180066A06C /* Bool+Square1.swift */ = {isa = PBXFileReference; lastKnownFileType = sourcecode.swift; path = "Bool+Square1.swift"; sourceTree = "<group>"; };
		D9F934EB20C188D50011D406 /* PullToRefreshControl.swift */ = {isa = PBXFileReference; fileEncoding = 4; lastKnownFileType = sourcecode.swift; path = PullToRefreshControl.swift; sourceTree = "<group>"; };
/* End PBXFileReference section */

/* Begin PBXFrameworksBuildPhase section */
		D941EC1A20078C4800AD5AED /* Frameworks */ = {
			isa = PBXFrameworksBuildPhase;
			buildActionMask = 2147483647;
			files = (
			);
			runOnlyForDeploymentPostprocessing = 0;
		};
		D941EC2420078C4900AD5AED /* Frameworks */ = {
			isa = PBXFrameworksBuildPhase;
			buildActionMask = 2147483647;
			files = (
				D941EC2820078C4900AD5AED /* Square1Tools.framework in Frameworks */,
			);
			runOnlyForDeploymentPostprocessing = 0;
		};
/* End PBXFrameworksBuildPhase section */

/* Begin PBXGroup section */
		1092410021F87BF100E147A2 /* TextView */ = {
			isa = PBXGroup;
			children = (
				1092410121F87C1C00E147A2 /* PlaceholderTextView.swift */,
			);
			path = TextView;
			sourceTree = "<group>";
		};
		10F696DE21F614810063CD2C /* Protocols */ = {
			isa = PBXGroup;
			children = (
				10F696DF21F614970063CD2C /* Storyboardable.swift */,
			);
			path = Protocols;
			sourceTree = "<group>";
		};
		D900BAB8202DF7480056A160 /* Config */ = {
			isa = PBXGroup;
			children = (
				D900BAA8202DF6320056A160 /* CommonCrypto.xcconfig */,
			);
			path = Config;
			sourceTree = "<group>";
		};
		D941EC1420078C4800AD5AED = {
			isa = PBXGroup;
			children = (
				D941EC2020078C4800AD5AED /* Source */,
				D941EC2B20078C4900AD5AED /* Tests */,
				D941EC1F20078C4800AD5AED /* Products */,
			);
			sourceTree = "<group>";
		};
		D941EC1F20078C4800AD5AED /* Products */ = {
			isa = PBXGroup;
			children = (
				D941EC1E20078C4800AD5AED /* Square1Tools.framework */,
				D941EC2720078C4900AD5AED /* Square1ToolsTests.xctest */,
			);
			name = Products;
			sourceTree = "<group>";
		};
		D941EC2020078C4800AD5AED /* Source */ = {
			isa = PBXGroup;
			children = (
				10F696DE21F614810063CD2C /* Protocols */,
				D9865A1B2091BDFE00E34CBB /* Views */,
				D900BAB8202DF7480056A160 /* Config */,
				D944F0AC2008BC83001FF5ED /* Helpers */,
				D941EC3D20078ECD00AD5AED /* Extensions */,
				D941EC3820078EC600AD5AED /* Data Structures */,
				D941EC2120078C4800AD5AED /* Square1Tools.h */,
				D941EC2220078C4800AD5AED /* Info.plist */,
			);
			path = Source;
			sourceTree = "<group>";
		};
		D941EC2B20078C4900AD5AED /* Tests */ = {
			isa = PBXGroup;
			children = (
				D941EC4A20078F0500AD5AED /* DateTests.swift */,
				D941EC4B20078F0600AD5AED /* QueueTests.swift */,
				D941EC4820078F0500AD5AED /* StackTests.swift */,
				D941EC4920078F0500AD5AED /* StringTests.swift */,
				D941EC2E20078C4900AD5AED /* Info.plist */,
			);
			path = Tests;
			sourceTree = "<group>";
		};
		D941EC3820078EC600AD5AED /* Data Structures */ = {
			isa = PBXGroup;
			children = (
				D941EC3920078EC600AD5AED /* Stack.swift */,
				D941EC3A20078EC600AD5AED /* Queue.swift */,
			);
			path = "Data Structures";
			sourceTree = "<group>";
		};
		D941EC3D20078ECD00AD5AED /* Extensions */ = {
			isa = PBXGroup;
			children = (
				D941EC3E20078ECD00AD5AED /* String+Square1.swift */,
				D9C1128C2010FC180066A06C /* Bool+Square1.swift */,
				D941EC3F20078ECD00AD5AED /* Date+Square1.swift */,
				D941EC602007968400AD5AED /* UIApplication+Square1.swift */,
				D941EC572007968300AD5AED /* UIColor+Square1.swift */,
				D941EC592007968300AD5AED /* UIDevice+Square1.swift */,
				D941EC5E2007968300AD5AED /* UIFont+Square1.swift */,
				D941EC5F2007968400AD5AED /* UIImage+Square1.swift */,
				D941EC612007968400AD5AED /* UINavigationController+Square1.swift */,
				D941EC5A2007968300AD5AED /* UITableView+Square1.swift */,
				D941EC562007968300AD5AED /* UITableViewCell+Square1.swift */,
				D941EC5B2007968300AD5AED /* UITextField+Square1.swift */,
				D941EC582007968300AD5AED /* UITextView+Square1.swift */,
				D941EC5C2007968300AD5AED /* UIView+Square1.swift */,
				D941EC622007968400AD5AED /* UIViewController+Square1.swift */,
				D99494112018A69500BD937D /* UICollectionView+Square1.swift */,
				D92A2C3F20330D610042694C /* UIViewController+Maps.swift */,
				D95E3ADB205AD0D900BBF03F /* UITabBarController+Square1.swift */,
				D9B736B7206A3B43009440B0 /* UIScrollView+Square1.swift */,
				D974297E20A47D1100CC5586 /* UINib+Square1.swift */,
				10F129EA21F85A28001CE08D /* UILabel+Square1.swift */,
			);
			path = Extensions;
			sourceTree = "<group>";
		};
		D944F0AC2008BC83001FF5ED /* Helpers */ = {
			isa = PBXGroup;
			children = (
				D941EC4320078ED800AD5AED /* App.swift */,
				D941EC4220078ED700AD5AED /* AsyncOperation.swift */,
				D941EC4420078ED800AD5AED /* Log.swift */,
				D941EC5D2007968300AD5AED /* MailSender.swift */,
				D941EC552007968300AD5AED /* ReplaceRootControllerSegue.swift */,
				D92A2C4120330E7F0042694C /* Storage.swift */,
				D9472F302126DBEA00E06B32 /* Keychain.swift */,
			);
			path = Helpers;
			sourceTree = "<group>";
		};
		D9865A1B2091BDFE00E34CBB /* Views */ = {
			isa = PBXGroup;
			children = (
				1092410021F87BF100E147A2 /* TextView */,
				D9865A1E2091C72500E34CBB /* Pull To Refresh */,
			);
			path = Views;
			sourceTree = "<group>";
		};
		D9865A1E2091C72500E34CBB /* Pull To Refresh */ = {
			isa = PBXGroup;
			children = (
				D9F934EB20C188D50011D406 /* PullToRefreshControl.swift */,
			);
			path = "Pull To Refresh";
			sourceTree = "<group>";
		};
/* End PBXGroup section */

/* Begin PBXHeadersBuildPhase section */
		D941EC1B20078C4800AD5AED /* Headers */ = {
			isa = PBXHeadersBuildPhase;
			buildActionMask = 2147483647;
			files = (
				D941EC2F20078C4900AD5AED /* Square1Tools.h in Headers */,
			);
			runOnlyForDeploymentPostprocessing = 0;
		};
/* End PBXHeadersBuildPhase section */

/* Begin PBXNativeTarget section */
		D941EC1D20078C4800AD5AED /* Square1Tools */ = {
			isa = PBXNativeTarget;
			buildConfigurationList = D941EC3220078C4900AD5AED /* Build configuration list for PBXNativeTarget "Square1Tools" */;
			buildPhases = (
				D941EC1920078C4800AD5AED /* Sources */,
				D941EC1A20078C4800AD5AED /* Frameworks */,
				D941EC1B20078C4800AD5AED /* Headers */,
				D941EC1C20078C4800AD5AED /* Resources */,
			);
			buildRules = (
			);
			dependencies = (
			);
			name = Square1Tools;
			productName = "Square1-iOS-Tools";
			productReference = D941EC1E20078C4800AD5AED /* Square1Tools.framework */;
			productType = "com.apple.product-type.framework";
		};
		D941EC2620078C4900AD5AED /* Square1ToolsTests */ = {
			isa = PBXNativeTarget;
			buildConfigurationList = D941EC3520078C4900AD5AED /* Build configuration list for PBXNativeTarget "Square1ToolsTests" */;
			buildPhases = (
				D941EC2320078C4900AD5AED /* Sources */,
				D941EC2420078C4900AD5AED /* Frameworks */,
				D941EC2520078C4900AD5AED /* Resources */,
			);
			buildRules = (
			);
			dependencies = (
				D941EC2A20078C4900AD5AED /* PBXTargetDependency */,
			);
			name = Square1ToolsTests;
			productName = "Square1-iOS-ToolsTests";
			productReference = D941EC2720078C4900AD5AED /* Square1ToolsTests.xctest */;
			productType = "com.apple.product-type.bundle.unit-test";
		};
/* End PBXNativeTarget section */

/* Begin PBXProject section */
		D941EC1520078C4800AD5AED /* Project object */ = {
			isa = PBXProject;
			attributes = {
				LastSwiftUpdateCheck = 0920;
				LastUpgradeCheck = 0930;
				ORGANIZATIONNAME = Square1;
				TargetAttributes = {
					D941EC1D20078C4800AD5AED = {
						CreatedOnToolsVersion = 9.2;
						ProvisioningStyle = Automatic;
					};
					D941EC2620078C4900AD5AED = {
						CreatedOnToolsVersion = 9.2;
						LastSwiftMigration = 1000;
						ProvisioningStyle = Automatic;
					};
				};
			};
			buildConfigurationList = D941EC1820078C4800AD5AED /* Build configuration list for PBXProject "Square1Tools" */;
			compatibilityVersion = "Xcode 8.0";
			developmentRegion = en;
			hasScannedForEncodings = 0;
			knownRegions = (
				en,
			);
			mainGroup = D941EC1420078C4800AD5AED;
			productRefGroup = D941EC1F20078C4800AD5AED /* Products */;
			projectDirPath = "";
			projectRoot = "";
			targets = (
				D941EC1D20078C4800AD5AED /* Square1Tools */,
				D941EC2620078C4900AD5AED /* Square1ToolsTests */,
			);
		};
/* End PBXProject section */

/* Begin PBXResourcesBuildPhase section */
		D941EC1C20078C4800AD5AED /* Resources */ = {
			isa = PBXResourcesBuildPhase;
			buildActionMask = 2147483647;
			files = (
			);
			runOnlyForDeploymentPostprocessing = 0;
		};
		D941EC2520078C4900AD5AED /* Resources */ = {
			isa = PBXResourcesBuildPhase;
			buildActionMask = 2147483647;
			files = (
			);
			runOnlyForDeploymentPostprocessing = 0;
		};
/* End PBXResourcesBuildPhase section */

/* Begin PBXSourcesBuildPhase section */
		D941EC1920078C4800AD5AED /* Sources */ = {
			isa = PBXSourcesBuildPhase;
			buildActionMask = 2147483647;
			files = (
				1092410221F87C1C00E147A2 /* PlaceholderTextView.swift in Sources */,
				D941EC672007968400AD5AED /* UIDevice+Square1.swift in Sources */,
				D941EC652007968400AD5AED /* UIColor+Square1.swift in Sources */,
				D95E3ADC205AD0D900BBF03F /* UITabBarController+Square1.swift in Sources */,
				D941EC6C2007968400AD5AED /* UIFont+Square1.swift in Sources */,
				D941EC632007968400AD5AED /* ReplaceRootControllerSegue.swift in Sources */,
				D941EC6A2007968400AD5AED /* UIView+Square1.swift in Sources */,
				D974297F20A47D1100CC5586 /* UINib+Square1.swift in Sources */,
				D941EC4120078ECD00AD5AED /* Date+Square1.swift in Sources */,
				D9C1128D2010FC180066A06C /* Bool+Square1.swift in Sources */,
				D941EC662007968400AD5AED /* UITextView+Square1.swift in Sources */,
				D9F934EC20C188D50011D406 /* PullToRefreshControl.swift in Sources */,
				10F696E021F614970063CD2C /* Storyboardable.swift in Sources */,
				D941EC4520078ED800AD5AED /* AsyncOperation.swift in Sources */,
				D92A2C4220330E800042694C /* Storage.swift in Sources */,
				D941EC6B2007968400AD5AED /* MailSender.swift in Sources */,
				D941EC642007968400AD5AED /* UITableViewCell+Square1.swift in Sources */,
				D941EC3B20078EC600AD5AED /* Stack.swift in Sources */,
				D941EC692007968400AD5AED /* UITextField+Square1.swift in Sources */,
				D941EC702007968400AD5AED /* UIViewController+Square1.swift in Sources */,
				D941EC4720078ED800AD5AED /* Log.swift in Sources */,
				D9472F312126DBEA00E06B32 /* Keychain.swift in Sources */,
				D92A2C4020330D610042694C /* UIViewController+Maps.swift in Sources */,
				D941EC682007968400AD5AED /* UITableView+Square1.swift in Sources */,
				D9B736B8206A3B43009440B0 /* UIScrollView+Square1.swift in Sources */,
				D941EC6F2007968400AD5AED /* UINavigationController+Square1.swift in Sources */,
				D99494122018A69500BD937D /* UICollectionView+Square1.swift in Sources */,
				D941EC6E2007968400AD5AED /* UIApplication+Square1.swift in Sources */,
				10F129EB21F85A28001CE08D /* UILabel+Square1.swift in Sources */,
				D941EC6D2007968400AD5AED /* UIImage+Square1.swift in Sources */,
				D941EC4620078ED800AD5AED /* App.swift in Sources */,
				D941EC3C20078EC600AD5AED /* Queue.swift in Sources */,
				D941EC4020078ECD00AD5AED /* String+Square1.swift in Sources */,
			);
			runOnlyForDeploymentPostprocessing = 0;
		};
		D941EC2320078C4900AD5AED /* Sources */ = {
			isa = PBXSourcesBuildPhase;
			buildActionMask = 2147483647;
			files = (
				D941EC5320078F3F00AD5AED /* StackTests.swift in Sources */,
				D941EC5020078F3500AD5AED /* DateTests.swift in Sources */,
				D941EC5220078F3C00AD5AED /* StringTests.swift in Sources */,
				D941EC5120078F3900AD5AED /* QueueTests.swift in Sources */,
			);
			runOnlyForDeploymentPostprocessing = 0;
		};
/* End PBXSourcesBuildPhase section */

/* Begin PBXTargetDependency section */
		D941EC2A20078C4900AD5AED /* PBXTargetDependency */ = {
			isa = PBXTargetDependency;
			target = D941EC1D20078C4800AD5AED /* Square1Tools */;
			targetProxy = D941EC2920078C4900AD5AED /* PBXContainerItemProxy */;
		};
/* End PBXTargetDependency section */

/* Begin XCBuildConfiguration section */
		D941EC3020078C4900AD5AED /* Debug */ = {
			isa = XCBuildConfiguration;
			buildSettings = {
				ALWAYS_SEARCH_USER_PATHS = NO;
				CLANG_ANALYZER_NONNULL = YES;
				CLANG_ANALYZER_NUMBER_OBJECT_CONVERSION = YES_AGGRESSIVE;
				CLANG_CXX_LANGUAGE_STANDARD = "gnu++14";
				CLANG_CXX_LIBRARY = "libc++";
				CLANG_ENABLE_MODULES = YES;
				CLANG_ENABLE_OBJC_ARC = YES;
				CLANG_WARN_BLOCK_CAPTURE_AUTORELEASING = YES;
				CLANG_WARN_BOOL_CONVERSION = YES;
				CLANG_WARN_COMMA = YES;
				CLANG_WARN_CONSTANT_CONVERSION = YES;
				CLANG_WARN_DEPRECATED_OBJC_IMPLEMENTATIONS = YES;
				CLANG_WARN_DIRECT_OBJC_ISA_USAGE = YES_ERROR;
				CLANG_WARN_DOCUMENTATION_COMMENTS = YES;
				CLANG_WARN_EMPTY_BODY = YES;
				CLANG_WARN_ENUM_CONVERSION = YES;
				CLANG_WARN_INFINITE_RECURSION = YES;
				CLANG_WARN_INT_CONVERSION = YES;
				CLANG_WARN_NON_LITERAL_NULL_CONVERSION = YES;
				CLANG_WARN_OBJC_IMPLICIT_RETAIN_SELF = YES;
				CLANG_WARN_OBJC_LITERAL_CONVERSION = YES;
				CLANG_WARN_OBJC_ROOT_CLASS = YES_ERROR;
				CLANG_WARN_RANGE_LOOP_ANALYSIS = YES;
				CLANG_WARN_STRICT_PROTOTYPES = YES;
				CLANG_WARN_SUSPICIOUS_MOVE = YES;
				CLANG_WARN_UNGUARDED_AVAILABILITY = YES_AGGRESSIVE;
				CLANG_WARN_UNREACHABLE_CODE = YES;
				CLANG_WARN__DUPLICATE_METHOD_MATCH = YES;
				CODE_SIGN_IDENTITY = "iPhone Developer";
				COPY_PHASE_STRIP = NO;
				CURRENT_PROJECT_VERSION = 1;
				DEBUG_INFORMATION_FORMAT = dwarf;
				ENABLE_STRICT_OBJC_MSGSEND = YES;
				ENABLE_TESTABILITY = YES;
				GCC_C_LANGUAGE_STANDARD = gnu11;
				GCC_DYNAMIC_NO_PIC = NO;
				GCC_NO_COMMON_BLOCKS = YES;
				GCC_OPTIMIZATION_LEVEL = 0;
				GCC_PREPROCESSOR_DEFINITIONS = (
					"DEBUG=1",
					"$(inherited)",
				);
				GCC_WARN_64_TO_32_BIT_CONVERSION = YES;
				GCC_WARN_ABOUT_RETURN_TYPE = YES_ERROR;
				GCC_WARN_UNDECLARED_SELECTOR = YES;
				GCC_WARN_UNINITIALIZED_AUTOS = YES_AGGRESSIVE;
				GCC_WARN_UNUSED_FUNCTION = YES;
				GCC_WARN_UNUSED_VARIABLE = YES;
				IPHONEOS_DEPLOYMENT_TARGET = 9.0;
				MTL_ENABLE_DEBUG_INFO = YES;
				ONLY_ACTIVE_ARCH = YES;
				SDKROOT = iphoneos;
				SWIFT_ACTIVE_COMPILATION_CONDITIONS = DEBUG;
				SWIFT_INCLUDE_PATHS = "${SRCROOT}/CCommonCrypto";
				SWIFT_OPTIMIZATION_LEVEL = "-Onone";
				SWIFT_VERSION = 4.2;
				SYSTEM_HEADER_SEARCH_PATHS = "$(BUILT_PRODUCTS_DIR)/CCommonCrypto";
				VERSIONING_SYSTEM = "apple-generic";
				VERSION_INFO_PREFIX = "";
			};
			name = Debug;
		};
		D941EC3120078C4900AD5AED /* Release */ = {
			isa = XCBuildConfiguration;
			buildSettings = {
				ALWAYS_SEARCH_USER_PATHS = NO;
				CLANG_ANALYZER_NONNULL = YES;
				CLANG_ANALYZER_NUMBER_OBJECT_CONVERSION = YES_AGGRESSIVE;
				CLANG_CXX_LANGUAGE_STANDARD = "gnu++14";
				CLANG_CXX_LIBRARY = "libc++";
				CLANG_ENABLE_MODULES = YES;
				CLANG_ENABLE_OBJC_ARC = YES;
				CLANG_WARN_BLOCK_CAPTURE_AUTORELEASING = YES;
				CLANG_WARN_BOOL_CONVERSION = YES;
				CLANG_WARN_COMMA = YES;
				CLANG_WARN_CONSTANT_CONVERSION = YES;
				CLANG_WARN_DEPRECATED_OBJC_IMPLEMENTATIONS = YES;
				CLANG_WARN_DIRECT_OBJC_ISA_USAGE = YES_ERROR;
				CLANG_WARN_DOCUMENTATION_COMMENTS = YES;
				CLANG_WARN_EMPTY_BODY = YES;
				CLANG_WARN_ENUM_CONVERSION = YES;
				CLANG_WARN_INFINITE_RECURSION = YES;
				CLANG_WARN_INT_CONVERSION = YES;
				CLANG_WARN_NON_LITERAL_NULL_CONVERSION = YES;
				CLANG_WARN_OBJC_IMPLICIT_RETAIN_SELF = YES;
				CLANG_WARN_OBJC_LITERAL_CONVERSION = YES;
				CLANG_WARN_OBJC_ROOT_CLASS = YES_ERROR;
				CLANG_WARN_RANGE_LOOP_ANALYSIS = YES;
				CLANG_WARN_STRICT_PROTOTYPES = YES;
				CLANG_WARN_SUSPICIOUS_MOVE = YES;
				CLANG_WARN_UNGUARDED_AVAILABILITY = YES_AGGRESSIVE;
				CLANG_WARN_UNREACHABLE_CODE = YES;
				CLANG_WARN__DUPLICATE_METHOD_MATCH = YES;
				CODE_SIGN_IDENTITY = "iPhone Developer";
				COPY_PHASE_STRIP = NO;
				CURRENT_PROJECT_VERSION = 1;
				DEBUG_INFORMATION_FORMAT = "dwarf-with-dsym";
				ENABLE_NS_ASSERTIONS = NO;
				ENABLE_STRICT_OBJC_MSGSEND = YES;
				GCC_C_LANGUAGE_STANDARD = gnu11;
				GCC_NO_COMMON_BLOCKS = YES;
				GCC_WARN_64_TO_32_BIT_CONVERSION = YES;
				GCC_WARN_ABOUT_RETURN_TYPE = YES_ERROR;
				GCC_WARN_UNDECLARED_SELECTOR = YES;
				GCC_WARN_UNINITIALIZED_AUTOS = YES_AGGRESSIVE;
				GCC_WARN_UNUSED_FUNCTION = YES;
				GCC_WARN_UNUSED_VARIABLE = YES;
				IPHONEOS_DEPLOYMENT_TARGET = 9.0;
				MTL_ENABLE_DEBUG_INFO = NO;
				SDKROOT = iphoneos;
				SWIFT_INCLUDE_PATHS = "${SRCROOT}/CCommonCrypto";
				SWIFT_OPTIMIZATION_LEVEL = "-Owholemodule";
				SWIFT_VERSION = 4.2;
				SYSTEM_HEADER_SEARCH_PATHS = "$(BUILT_PRODUCTS_DIR)/CCommonCrypto";
				VALIDATE_PRODUCT = YES;
				VERSIONING_SYSTEM = "apple-generic";
				VERSION_INFO_PREFIX = "";
			};
			name = Release;
		};
		D941EC3320078C4900AD5AED /* Debug */ = {
			isa = XCBuildConfiguration;
			buildSettings = {
				CODE_SIGN_IDENTITY = "";
				CODE_SIGN_STYLE = Automatic;
				DEFINES_MODULE = YES;
				DEVELOPMENT_TEAM = 2X2SE3LG2B;
				DYLIB_COMPATIBILITY_VERSION = 1;
				DYLIB_CURRENT_VERSION = 1;
				DYLIB_INSTALL_NAME_BASE = "@rpath";
				INFOPLIST_FILE = Source/Info.plist;
				INSTALL_PATH = "$(LOCAL_LIBRARY_DIR)/Frameworks";
				IPHONEOS_DEPLOYMENT_TARGET = 9.0;
				LD_RUNPATH_SEARCH_PATHS = "$(inherited) @executable_path/Frameworks @loader_path/Frameworks";
				PRODUCT_BUNDLE_IDENTIFIER = io.square1.ios.tools;
				PRODUCT_NAME = "$(TARGET_NAME:c99extidentifier)";
				SKIP_INSTALL = YES;
				SWIFT_INCLUDE_PATHS = "${SRCROOT}/CommonCrypto";
				SWIFT_VERSION = 4.2;
				SYSTEM_HEADER_SEARCH_PATHS = "";
				TARGETED_DEVICE_FAMILY = "1,2";
			};
			name = Debug;
		};
		D941EC3420078C4900AD5AED /* Release */ = {
			isa = XCBuildConfiguration;
			buildSettings = {
				CODE_SIGN_IDENTITY = "";
				CODE_SIGN_STYLE = Automatic;
				DEFINES_MODULE = YES;
				DEVELOPMENT_TEAM = 2X2SE3LG2B;
				DYLIB_COMPATIBILITY_VERSION = 1;
				DYLIB_CURRENT_VERSION = 1;
				DYLIB_INSTALL_NAME_BASE = "@rpath";
				INFOPLIST_FILE = Source/Info.plist;
				INSTALL_PATH = "$(LOCAL_LIBRARY_DIR)/Frameworks";
				IPHONEOS_DEPLOYMENT_TARGET = 9.0;
				LD_RUNPATH_SEARCH_PATHS = "$(inherited) @executable_path/Frameworks @loader_path/Frameworks";
				PRODUCT_BUNDLE_IDENTIFIER = io.square1.ios.tools;
				PRODUCT_NAME = "$(TARGET_NAME:c99extidentifier)";
				SKIP_INSTALL = YES;
				SWIFT_INCLUDE_PATHS = "${SRCROOT}/CommonCrypto";
				SWIFT_VERSION = 4.2;
				SYSTEM_HEADER_SEARCH_PATHS = "";
				TARGETED_DEVICE_FAMILY = "1,2";
			};
			name = Release;
		};
		D941EC3620078C4900AD5AED /* Debug */ = {
			isa = XCBuildConfiguration;
			buildSettings = {
				ALWAYS_EMBED_SWIFT_STANDARD_LIBRARIES = YES;
				CODE_SIGN_STYLE = Automatic;
				DEVELOPMENT_TEAM = 2X2SE3LG2B;
				INFOPLIST_FILE = Tests/Info.plist;
				LD_RUNPATH_SEARCH_PATHS = "$(inherited) @executable_path/Frameworks @loader_path/Frameworks";
				PRODUCT_BUNDLE_IDENTIFIER = io.square1.ios.tools.tests;
				PRODUCT_NAME = "$(TARGET_NAME)";
				SWIFT_VERSION = 4.2;
				TARGETED_DEVICE_FAMILY = "1,2";
			};
			name = Debug;
		};
		D941EC3720078C4900AD5AED /* Release */ = {
			isa = XCBuildConfiguration;
			buildSettings = {
				ALWAYS_EMBED_SWIFT_STANDARD_LIBRARIES = YES;
				CODE_SIGN_STYLE = Automatic;
				DEVELOPMENT_TEAM = 2X2SE3LG2B;
				INFOPLIST_FILE = Tests/Info.plist;
				LD_RUNPATH_SEARCH_PATHS = "$(inherited) @executable_path/Frameworks @loader_path/Frameworks";
				PRODUCT_BUNDLE_IDENTIFIER = io.square1.ios.tools.tests;
				PRODUCT_NAME = "$(TARGET_NAME)";
				SWIFT_VERSION = 4.2;
				TARGETED_DEVICE_FAMILY = "1,2";
			};
			name = Release;
		};
/* End XCBuildConfiguration section */

/* Begin XCConfigurationList section */
		D941EC1820078C4800AD5AED /* Build configuration list for PBXProject "Square1Tools" */ = {
			isa = XCConfigurationList;
			buildConfigurations = (
				D941EC3020078C4900AD5AED /* Debug */,
				D941EC3120078C4900AD5AED /* Release */,
			);
			defaultConfigurationIsVisible = 0;
			defaultConfigurationName = Release;
		};
		D941EC3220078C4900AD5AED /* Build configuration list for PBXNativeTarget "Square1Tools" */ = {
			isa = XCConfigurationList;
			buildConfigurations = (
				D941EC3320078C4900AD5AED /* Debug */,
				D941EC3420078C4900AD5AED /* Release */,
			);
			defaultConfigurationIsVisible = 0;
			defaultConfigurationName = Release;
		};
		D941EC3520078C4900AD5AED /* Build configuration list for PBXNativeTarget "Square1ToolsTests" */ = {
			isa = XCConfigurationList;
			buildConfigurations = (
				D941EC3620078C4900AD5AED /* Debug */,
				D941EC3720078C4900AD5AED /* Release */,
			);
			defaultConfigurationIsVisible = 0;
			defaultConfigurationName = Release;
		};
/* End XCConfigurationList section */
	};
	rootObject = D941EC1520078C4800AD5AED /* Project object */;
}
